
Microsoft Visual Studio Solution File, Format Version 12.00
# Visual Studio 2015
Project("{FAE04EC0-301F-11D3-BF4B-00C04F79EFBC}") = "Milestone2.CSharp.Plugins", "Milestone2.CSharp.Plugins.csproj", "{867D64E2-4968-7B2A-30C4-95243825E307}"
EndProject
Project("{FAE04EC0-301F-11D3-BF4B-00C04F79EFBC}") = "Milestone2.CSharp", "Milestone2.CSharp.csproj", "{BB4C04AA-40E9-2F02-1197-21DFD663D091}"
EndProject
Global
	GlobalSection(SolutionConfigurationPlatforms) = preSolution
		Debug|Any CPU = Debug|Any CPU
		Release|Any CPU = Release|Any CPU
	EndGlobalSection
	GlobalSection(ProjectConfigurationPlatforms) = postSolution
		{867D64E2-4968-7B2A-30C4-95243825E307}.Debug|Any CPU.ActiveCfg = Debug|Any CPU
		{867D64E2-4968-7B2A-30C4-95243825E307}.Debug|Any CPU.Build.0 = Debug|Any CPU
		{867D64E2-4968-7B2A-30C4-95243825E307}.Release|Any CPU.ActiveCfg = Release|Any CPU
		{867D64E2-4968-7B2A-30C4-95243825E307}.Release|Any CPU.Build.0 = Release|Any CPU
		{BB4C04AA-40E9-2F02-1197-21DFD663D091}.Debug|Any CPU.ActiveCfg = Debug|Any CPU
		{BB4C04AA-40E9-2F02-1197-21DFD663D091}.Debug|Any CPU.Build.0 = Debug|Any CPU
		{BB4C04AA-40E9-2F02-1197-21DFD663D091}.Release|Any CPU.ActiveCfg = Release|Any CPU
		{BB4C04AA-40E9-2F02-1197-21DFD663D091}.Release|Any CPU.Build.0 = Release|Any CPU
	EndGlobalSection
	GlobalSection(SolutionProperties) = preSolution
		HideSolutionNode = FALSE
	EndGlobalSection
EndGlobal
